// !$*UTF8*$!
{
	archiveVersion = 1;
	classes = {
	};
	objectVersion = 50;
	objects = {

/* Begin PBXBuildFile section */
		149D85E922D9EB1700780E80 /* AppDelegate.swift in Sources */ = {isa = PBXBuildFile; fileRef = 149D85E822D9EB1700780E80 /* AppDelegate.swift */; };
		149D85EB22D9EB1700780E80 /* ViewController.swift in Sources */ = {isa = PBXBuildFile; fileRef = 149D85EA22D9EB1700780E80 /* ViewController.swift */; };
		149D85EE22D9EB1700780E80 /* Main.storyboard in Resources */ = {isa = PBXBuildFile; fileRef = 149D85EC22D9EB1700780E80 /* Main.storyboard */; };
		149D85F022D9EB1800780E80 /* Assets.xcassets in Resources */ = {isa = PBXBuildFile; fileRef = 149D85EF22D9EB1800780E80 /* Assets.xcassets */; };
		149D85F322D9EB1800780E80 /* LaunchScreen.storyboard in Resources */ = {isa = PBXBuildFile; fileRef = 149D85F122D9EB1800780E80 /* LaunchScreen.storyboard */; };
		149D860122D9F8FC00780E80 /* UIViewExtensionsNib.swift in Sources */ = {isa = PBXBuildFile; fileRef = 149D860022D9F8FC00780E80 /* UIViewExtensionsNib.swift */; };
		149D860322D9FA2400780E80 /* BundleExtension.swift in Sources */ = {isa = PBXBuildFile; fileRef = 149D860222D9FA2400780E80 /* BundleExtension.swift */; };
		149D860522D9FA8B00780E80 /* ApplicationCoordinator.swift in Sources */ = {isa = PBXBuildFile; fileRef = 149D860422D9FA8B00780E80 /* ApplicationCoordinator.swift */; };
		149D860722D9FD6400780E80 /* MainCoordinator.swift in Sources */ = {isa = PBXBuildFile; fileRef = 149D860622D9FD6400780E80 /* MainCoordinator.swift */; };
/* End PBXBuildFile section */

/* Begin PBXFileReference section */
		149D85E522D9EB1700780E80 /* MVVM-ToDo.app */ = {isa = PBXFileReference; explicitFileType = wrapper.application; includeInIndex = 0; path = "MVVM-ToDo.app"; sourceTree = BUILT_PRODUCTS_DIR; };
		149D85E822D9EB1700780E80 /* AppDelegate.swift */ = {isa = PBXFileReference; lastKnownFileType = sourcecode.swift; path = AppDelegate.swift; sourceTree = "<group>"; };
		149D85EA22D9EB1700780E80 /* ViewController.swift */ = {isa = PBXFileReference; lastKnownFileType = sourcecode.swift; path = ViewController.swift; sourceTree = "<group>"; };
		149D85ED22D9EB1700780E80 /* Base */ = {isa = PBXFileReference; lastKnownFileType = file.storyboard; name = Base; path = Base.lproj/Main.storyboard; sourceTree = "<group>"; };
		149D85EF22D9EB1800780E80 /* Assets.xcassets */ = {isa = PBXFileReference; lastKnownFileType = folder.assetcatalog; path = Assets.xcassets; sourceTree = "<group>"; };
		149D85F222D9EB1800780E80 /* Base */ = {isa = PBXFileReference; lastKnownFileType = file.storyboard; name = Base; path = Base.lproj/LaunchScreen.storyboard; sourceTree = "<group>"; };
		149D85F422D9EB1800780E80 /* Info.plist */ = {isa = PBXFileReference; lastKnownFileType = text.plist.xml; path = Info.plist; sourceTree = "<group>"; };
		149D860022D9F8FC00780E80 /* UIViewExtensionsNib.swift */ = {isa = PBXFileReference; lastKnownFileType = sourcecode.swift; path = UIViewExtensionsNib.swift; sourceTree = "<group>"; };
		149D860222D9FA2400780E80 /* BundleExtension.swift */ = {isa = PBXFileReference; lastKnownFileType = sourcecode.swift; path = BundleExtension.swift; sourceTree = "<group>"; };
		149D860422D9FA8B00780E80 /* ApplicationCoordinator.swift */ = {isa = PBXFileReference; lastKnownFileType = sourcecode.swift; path = ApplicationCoordinator.swift; sourceTree = "<group>"; };
		149D860622D9FD6400780E80 /* MainCoordinator.swift */ = {isa = PBXFileReference; lastKnownFileType = sourcecode.swift; path = MainCoordinator.swift; sourceTree = "<group>"; };
/* End PBXFileReference section */

/* Begin PBXFrameworksBuildPhase section */
		149D85E222D9EB1700780E80 /* Frameworks */ = {
			isa = PBXFrameworksBuildPhase;
			buildActionMask = 2147483647;
			files = (
			);
			runOnlyForDeploymentPostprocessing = 0;
		};
/* End PBXFrameworksBuildPhase section */

/* Begin PBXGroup section */
		149D85DC22D9EB1700780E80 = {
			isa = PBXGroup;
			children = (
				149D85E722D9EB1700780E80 /* MVVM-ToDo */,
				149D85E622D9EB1700780E80 /* Products */,
			);
			sourceTree = "<group>";
		};
		149D85E622D9EB1700780E80 /* Products */ = {
			isa = PBXGroup;
			children = (
				149D85E522D9EB1700780E80 /* MVVM-ToDo.app */,
			);
			name = Products;
			sourceTree = "<group>";
		};
		149D85E722D9EB1700780E80 /* MVVM-ToDo */ = {
			isa = PBXGroup;
			children = (
				149D85FA22D9EBF300780E80 /* Code */,
				149D85FE22D9EC3D00780E80 /* Resources */,
				149D85EA22D9EB1700780E80 /* ViewController.swift */,
				149D85EC22D9EB1700780E80 /* Main.storyboard */,
			);
			path = "MVVM-ToDo";
			sourceTree = "<group>";
		};
		149D85FA22D9EBF300780E80 /* Code */ = {
			isa = PBXGroup;
			children = (
				149D85FC22D9EC0500780E80 /* Common */,
				149D85FD22D9EC0D00780E80 /* Extensions */,
				149D85FB22D9EBFC00780E80 /* Coordinators */,
			);
			path = Code;
			sourceTree = "<group>";
		};
		149D85FB22D9EBFC00780E80 /* Coordinators */ = {
			isa = PBXGroup;
			children = (
				149D860422D9FA8B00780E80 /* ApplicationCoordinator.swift */,
				149D860622D9FD6400780E80 /* MainCoordinator.swift */,
			);
			path = Coordinators;
			sourceTree = "<group>";
		};
		149D85FC22D9EC0500780E80 /* Common */ = {
			isa = PBXGroup;
			children = (
				149D85E822D9EB1700780E80 /* AppDelegate.swift */,
			);
			path = Common;
			sourceTree = "<group>";
		};
		149D85FD22D9EC0D00780E80 /* Extensions */ = {
			isa = PBXGroup;
			children = (
				149D860022D9F8FC00780E80 /* UIViewExtensionsNib.swift */,
				149D860222D9FA2400780E80 /* BundleExtension.swift */,
			);
			path = Extensions;
			sourceTree = "<group>";
		};
		149D85FE22D9EC3D00780E80 /* Resources */ = {
			isa = PBXGroup;
			children = (
				149D85FF22D9EC5C00780E80 /* Storyboards */,
				149D85EF22D9EB1800780E80 /* Assets.xcassets */,
				149D85F422D9EB1800780E80 /* Info.plist */,
			);
			path = Resources;
			sourceTree = "<group>";
		};
		149D85FF22D9EC5C00780E80 /* Storyboards */ = {
			isa = PBXGroup;
			children = (
				149D85F122D9EB1800780E80 /* LaunchScreen.storyboard */,
			);
			path = Storyboards;
			sourceTree = "<group>";
		};
/* End PBXGroup section */

/* Begin PBXNativeTarget section */
		149D85E422D9EB1700780E80 /* MVVM-ToDo */ = {
			isa = PBXNativeTarget;
			buildConfigurationList = 149D85F722D9EB1800780E80 /* Build configuration list for PBXNativeTarget "MVVM-ToDo" */;
			buildPhases = (
				149D85E122D9EB1700780E80 /* Sources */,
				149D85E222D9EB1700780E80 /* Frameworks */,
				149D85E322D9EB1700780E80 /* Resources */,
			);
			buildRules = (
			);
			dependencies = (
			);
			name = "MVVM-ToDo";
			productName = "MVVM-ToDo";
			productReference = 149D85E522D9EB1700780E80 /* MVVM-ToDo.app */;
			productType = "com.apple.product-type.application";
		};
/* End PBXNativeTarget section */

/* Begin PBXProject section */
		149D85DD22D9EB1700780E80 /* Project object */ = {
			isa = PBXProject;
			attributes = {
				LastSwiftUpdateCheck = 1020;
				LastUpgradeCheck = 1020;
				ORGANIZATIONNAME = Filip;
				TargetAttributes = {
					149D85E422D9EB1700780E80 = {
						CreatedOnToolsVersion = 10.2.1;
					};
				};
			};
			buildConfigurationList = 149D85E022D9EB1700780E80 /* Build configuration list for PBXProject "MVVM-ToDo" */;
			compatibilityVersion = "Xcode 9.3";
			developmentRegion = en;
			hasScannedForEncodings = 0;
			knownRegions = (
				en,
				Base,
			);
			mainGroup = 149D85DC22D9EB1700780E80;
			productRefGroup = 149D85E622D9EB1700780E80 /* Products */;
			projectDirPath = "";
			projectRoot = "";
			targets = (
				149D85E422D9EB1700780E80 /* MVVM-ToDo */,
			);
		};
/* End PBXProject section */

/* Begin PBXResourcesBuildPhase section */
		149D85E322D9EB1700780E80 /* Resources */ = {
			isa = PBXResourcesBuildPhase;
			buildActionMask = 2147483647;
			files = (
				149D85F322D9EB1800780E80 /* LaunchScreen.storyboard in Resources */,
				149D85F022D9EB1800780E80 /* Assets.xcassets in Resources */,
				149D85EE22D9EB1700780E80 /* Main.storyboard in Resources */,
			);
			runOnlyForDeploymentPostprocessing = 0;
		};
/* End PBXResourcesBuildPhase section */

/* Begin PBXSourcesBuildPhase section */
		149D85E122D9EB1700780E80 /* Sources */ = {
			isa = PBXSourcesBuildPhase;
			buildActionMask = 2147483647;
			files = (
				149D860522D9FA8B00780E80 /* ApplicationCoordinator.swift in Sources */,
				149D860722D9FD6400780E80 /* MainCoordinator.swift in Sources */,
				149D85EB22D9EB1700780E80 /* ViewController.swift in Sources */,
				149D860122D9F8FC00780E80 /* UIViewExtensionsNib.swift in Sources */,
				149D85E922D9EB1700780E80 /* AppDelegate.swift in Sources */,
				149D860322D9FA2400780E80 /* BundleExtension.swift in Sources */,
			);
			runOnlyForDeploymentPostprocessing = 0;
		};
/* End PBXSourcesBuildPhase section */

/* Begin PBXVariantGroup section */
		149D85EC22D9EB1700780E80 /* Main.storyboard */ = {
			isa = PBXVariantGroup;
			children = (
				149D85ED22D9EB1700780E80 /* Base */,
			);
			name = Main.storyboard;
			sourceTree = "<group>";
		};
		149D85F122D9EB1800780E80 /* LaunchScreen.storyboard */ = {
			isa = PBXVariantGroup;
			children = (
				149D85F222D9EB1800780E80 /* Base */,
			);
			name = LaunchScreen.storyboard;
			sourceTree = "<group>";
		};
/* End PBXVariantGroup section */

/* Begin XCBuildConfiguration section */
		149D85F522D9EB1800780E80 /* Debug */ = {
			isa = XCBuildConfiguration;
			buildSettings = {
				ALWAYS_SEARCH_USER_PATHS = NO;
				CLANG_ANALYZER_NONNULL = YES;
				CLANG_ANALYZER_NUMBER_OBJECT_CONVERSION = YES_AGGRESSIVE;
				CLANG_CXX_LANGUAGE_STANDARD = "gnu++14";
				CLANG_CXX_LIBRARY = "libc++";
				CLANG_ENABLE_MODULES = YES;
				CLANG_ENABLE_OBJC_ARC = YES;
				CLANG_ENABLE_OBJC_WEAK = YES;
				CLANG_WARN_BLOCK_CAPTURE_AUTORELEASING = YES;
				CLANG_WARN_BOOL_CONVERSION = YES;
				CLANG_WARN_COMMA = YES;
				CLANG_WARN_CONSTANT_CONVERSION = YES;
				CLANG_WARN_DEPRECATED_OBJC_IMPLEMENTATIONS = YES;
				CLANG_WARN_DIRECT_OBJC_ISA_USAGE = YES_ERROR;
				CLANG_WARN_DOCUMENTATION_COMMENTS = YES;
				CLANG_WARN_EMPTY_BODY = YES;
				CLANG_WARN_ENUM_CONVERSION = YES;
				CLANG_WARN_INFINITE_RECURSION = YES;
				CLANG_WARN_INT_CONVERSION = YES;
				CLANG_WARN_NON_LITERAL_NULL_CONVERSION = YES;
				CLANG_WARN_OBJC_IMPLICIT_RETAIN_SELF = YES;
				CLANG_WARN_OBJC_LITERAL_CONVERSION = YES;
				CLANG_WARN_OBJC_ROOT_CLASS = YES_ERROR;
				CLANG_WARN_RANGE_LOOP_ANALYSIS = YES;
				CLANG_WARN_STRICT_PROTOTYPES = YES;
				CLANG_WARN_SUSPICIOUS_MOVE = YES;
				CLANG_WARN_UNGUARDED_AVAILABILITY = YES_AGGRESSIVE;
				CLANG_WARN_UNREACHABLE_CODE = YES;
				CLANG_WARN__DUPLICATE_METHOD_MATCH = YES;
				CODE_SIGN_IDENTITY = "iPhone Developer";
				COPY_PHASE_STRIP = NO;
				DEBUG_INFORMATION_FORMAT = dwarf;
				ENABLE_STRICT_OBJC_MSGSEND = YES;
				ENABLE_TESTABILITY = YES;
				GCC_C_LANGUAGE_STANDARD = gnu11;
				GCC_DYNAMIC_NO_PIC = NO;
				GCC_NO_COMMON_BLOCKS = YES;
				GCC_OPTIMIZATION_LEVEL = 0;
				GCC_PREPROCESSOR_DEFINITIONS = (
					"DEBUG=1",
					"$(inherited)",
				);
				GCC_WARN_64_TO_32_BIT_CONVERSION = YES;
				GCC_WARN_ABOUT_RETURN_TYPE = YES_ERROR;
				GCC_WARN_UNDECLARED_SELECTOR = YES;
				GCC_WARN_UNINITIALIZED_AUTOS = YES_AGGRESSIVE;
				GCC_WARN_UNUSED_FUNCTION = YES;
				GCC_WARN_UNUSED_VARIABLE = YES;
				IPHONEOS_DEPLOYMENT_TARGET = 12.2;
				MTL_ENABLE_DEBUG_INFO = INCLUDE_SOURCE;
				MTL_FAST_MATH = YES;
				ONLY_ACTIVE_ARCH = YES;
				SDKROOT = iphoneos;
				SWIFT_ACTIVE_COMPILATION_CONDITIONS = DEBUG;
				SWIFT_OPTIMIZATION_LEVEL = "-Onone";
			};
			name = Debug;
		};
		149D85F622D9EB1800780E80 /* Release */ = {
			isa = XCBuildConfiguration;
			buildSettings = {
				ALWAYS_SEARCH_USER_PATHS = NO;
				CLANG_ANALYZER_NONNULL = YES;
				CLANG_ANALYZER_NUMBER_OBJECT_CONVERSION = YES_AGGRESSIVE;
				CLANG_CXX_LANGUAGE_STANDARD = "gnu++14";
				CLANG_CXX_LIBRARY = "libc++";
				CLANG_ENABLE_MODULES = YES;
				CLANG_ENABLE_OBJC_ARC = YES;
				CLANG_ENABLE_OBJC_WEAK = YES;
				CLANG_WARN_BLOCK_CAPTURE_AUTORELEASING = YES;
				CLANG_WARN_BOOL_CONVERSION = YES;
				CLANG_WARN_COMMA = YES;
				CLANG_WARN_CONSTANT_CONVERSION = YES;
				CLANG_WARN_DEPRECATED_OBJC_IMPLEMENTATIONS = YES;
				CLANG_WARN_DIRECT_OBJC_ISA_USAGE = YES_ERROR;
				CLANG_WARN_DOCUMENTATION_COMMENTS = YES;
				CLANG_WARN_EMPTY_BODY = YES;
				CLANG_WARN_ENUM_CONVERSION = YES;
				CLANG_WARN_INFINITE_RECURSION = YES;
				CLANG_WARN_INT_CONVERSION = YES;
				CLANG_WARN_NON_LITERAL_NULL_CONVERSION = YES;
				CLANG_WARN_OBJC_IMPLICIT_RETAIN_SELF = YES;
				CLANG_WARN_OBJC_LITERAL_CONVERSION = YES;
				CLANG_WARN_OBJC_ROOT_CLASS = YES_ERROR;
				CLANG_WARN_RANGE_LOOP_ANALYSIS = YES;
				CLANG_WARN_STRICT_PROTOTYPES = YES;
				CLANG_WARN_SUSPICIOUS_MOVE = YES;
				CLANG_WARN_UNGUARDED_AVAILABILITY = YES_AGGRESSIVE;
				CLANG_WARN_UNREACHABLE_CODE = YES;
				CLANG_WARN__DUPLICATE_METHOD_MATCH = YES;
				CODE_SIGN_IDENTITY = "iPhone Developer";
				COPY_PHASE_STRIP = NO;
				DEBUG_INFORMATION_FORMAT = "dwarf-with-dsym";
				ENABLE_NS_ASSERTIONS = NO;
				ENABLE_STRICT_OBJC_MSGSEND = YES;
				GCC_C_LANGUAGE_STANDARD = gnu11;
				GCC_NO_COMMON_BLOCKS = YES;
				GCC_WARN_64_TO_32_BIT_CONVERSION = YES;
				GCC_WARN_ABOUT_RETURN_TYPE = YES_ERROR;
				GCC_WARN_UNDECLARED_SELECTOR = YES;
				GCC_WARN_UNINITIALIZED_AUTOS = YES_AGGRESSIVE;
				GCC_WARN_UNUSED_FUNCTION = YES;
				GCC_WARN_UNUSED_VARIABLE = YES;
				IPHONEOS_DEPLOYMENT_TARGET = 12.2;
				MTL_ENABLE_DEBUG_INFO = NO;
				MTL_FAST_MATH = YES;
				SDKROOT = iphoneos;
				SWIFT_COMPILATION_MODE = wholemodule;
				SWIFT_OPTIMIZATION_LEVEL = "-O";
				VALIDATE_PRODUCT = YES;
			};
			name = Release;
		};
		149D85F822D9EB1800780E80 /* Debug */ = {
			isa = XCBuildConfiguration;
			buildSettings = {
				ASSETCATALOG_COMPILER_APPICON_NAME = AppIcon;
				CODE_SIGN_STYLE = Automatic;
				INFOPLIST_FILE = "$(SRCROOT)/MVVM-ToDo/Resources/Info.plist";
				LD_RUNPATH_SEARCH_PATHS = (
					"$(inherited)",
					"@executable_path/Frameworks",
				);
				PRODUCT_BUNDLE_IDENTIFIER = "grufil.apps.MVVM-ToDo";
				PRODUCT_NAME = "$(TARGET_NAME)";
				SWIFT_VERSION = 5.0;
				TARGETED_DEVICE_FAMILY = "1,2";
			};
			name = Debug;
		};
		149D85F922D9EB1800780E80 /* Release */ = {
			isa = XCBuildConfiguration;
			buildSettings = {
				ASSETCATALOG_COMPILER_APPICON_NAME = AppIcon;
				CODE_SIGN_STYLE = Automatic;
				INFOPLIST_FILE = "$(SRCROOT)/MVVM-ToDo/Resources/Info.plist";
				LD_RUNPATH_SEARCH_PATHS = (
					"$(inherited)",
					"@executable_path/Frameworks",
				);
				PRODUCT_BUNDLE_IDENTIFIER = "grufil.apps.MVVM-ToDo";
				PRODUCT_NAME = "$(TARGET_NAME)";
				SWIFT_VERSION = 5.0;
				TARGETED_DEVICE_FAMILY = "1,2";
			};
			name = Release;
		};
/* End XCBuildConfiguration section */

/* Begin XCConfigurationList section */
		149D85E022D9EB1700780E80 /* Build configuration list for PBXProject "MVVM-ToDo" */ = {
			isa = XCConfigurationList;
			buildConfigurations = (
				149D85F522D9EB1800780E80 /* Debug */,
				149D85F622D9EB1800780E80 /* Release */,
			);
			defaultConfigurationIsVisible = 0;
			defaultConfigurationName = Release;
		};
		149D85F722D9EB1800780E80 /* Build configuration list for PBXNativeTarget "MVVM-ToDo" */ = {
			isa = XCConfigurationList;
			buildConfigurations = (
				149D85F822D9EB1800780E80 /* Debug */,
				149D85F922D9EB1800780E80 /* Release */,
			);
			defaultConfigurationIsVisible = 0;
			defaultConfigurationName = Release;
		};
/* End XCConfigurationList section */
	};
	rootObject = 149D85DD22D9EB1700780E80 /* Project object */;
}
